
Microsoft Visual Studio Solution File, Format Version 12.00
# Visual Studio Version 17
VisualStudioVersion = 17.8.34525.116
MinimumVisualStudioVersion = 10.0.40219.1
Project("{FAE04EC0-301F-11D3-BF4B-00C04F79EFBC}") = "lab11asp", "lab11asp\lab11asp.csproj", "{8670A842-CBC0-46B4-ABB4-9AD4115C26C5}"
EndProject
Global
	GlobalSection(SolutionConfigurationPlatforms) = preSolution
		Debug|Any CPU = Debug|Any CPU
		Release|Any CPU = Release|Any CPU
	EndGlobalSection
	GlobalSection(ProjectConfigurationPlatforms) = postSolution
		{8670A842-CBC0-46B4-ABB4-9AD4115C26C5}.Debug|Any CPU.ActiveCfg = Debug|Any CPU
		{8670A842-CBC0-46B4-ABB4-9AD4115C26C5}.Debug|Any CPU.Build.0 = Debug|Any CPU
		{8670A842-CBC0-46B4-ABB4-9AD4115C26C5}.Release|Any CPU.ActiveCfg = Release|Any CPU
		{8670A842-CBC0-46B4-ABB4-9AD4115C26C5}.Release|Any CPU.Build.0 = Release|Any CPU
	EndGlobalSection
	GlobalSection(SolutionProperties) = preSolution
		HideSolutionNode = FALSE
	EndGlobalSection
	GlobalSection(ExtensibilityGlobals) = postSolution
		SolutionGuid = {B458EB51-7FF3-47C5-B1A6-BCB11D2ADD40}
	EndGlobalSection
EndGlobal
